// !$*UTF8*$!
{
	archiveVersion = 1;
	classes = {
	};
	objectVersion = 50;
	objects = {

/* Begin PBXBuildFile section */
		38075F6E213EE80900237CDD /* Meal.swift in Sources */ = {isa = PBXBuildFile; fileRef = 38075F6D213EE80900237CDD /* Meal.swift */; };
		3808A59921382C2300E49459 /* RatingControl.swift in Sources */ = {isa = PBXBuildFile; fileRef = 3808A59821382C2300E49459 /* RatingControl.swift */; };
		38419A65213599D80063C307 /* AppDelegate.swift in Sources */ = {isa = PBXBuildFile; fileRef = 38419A64213599D80063C307 /* AppDelegate.swift */; };
		38419A67213599D80063C307 /* ViewController.swift in Sources */ = {isa = PBXBuildFile; fileRef = 38419A66213599D80063C307 /* ViewController.swift */; };
		38419A6A213599D80063C307 /* Main.storyboard in Resources */ = {isa = PBXBuildFile; fileRef = 38419A68213599D80063C307 /* Main.storyboard */; };
		38419A6C213599D90063C307 /* Assets.xcassets in Resources */ = {isa = PBXBuildFile; fileRef = 38419A6B213599D90063C307 /* Assets.xcassets */; };
		38419A6F213599D90063C307 /* LaunchScreen.storyboard in Resources */ = {isa = PBXBuildFile; fileRef = 38419A6D213599D90063C307 /* LaunchScreen.storyboard */; };
		38419A7A213599D90063C307 /* Food_TrackerTests.swift in Sources */ = {isa = PBXBuildFile; fileRef = 38419A79213599D90063C307 /* Food_TrackerTests.swift */; };
		38419A85213599D90063C307 /* Food_TrackerUITests.swift in Sources */ = {isa = PBXBuildFile; fileRef = 38419A84213599D90063C307 /* Food_TrackerUITests.swift */; };
/* End PBXBuildFile section */

/* Begin PBXContainerItemProxy section */
		38419A76213599D90063C307 /* PBXContainerItemProxy */ = {
			isa = PBXContainerItemProxy;
			containerPortal = 38419A59213599D80063C307 /* Project object */;
			proxyType = 1;
			remoteGlobalIDString = 38419A60213599D80063C307;
			remoteInfo = "Food Tracker";
		};
		38419A81213599D90063C307 /* PBXContainerItemProxy */ = {
			isa = PBXContainerItemProxy;
			containerPortal = 38419A59213599D80063C307 /* Project object */;
			proxyType = 1;
			remoteGlobalIDString = 38419A60213599D80063C307;
			remoteInfo = "Food Tracker";
		};
/* End PBXContainerItemProxy section */

/* Begin PBXFileReference section */
		38075F6D213EE80900237CDD /* Meal.swift */ = {isa = PBXFileReference; lastKnownFileType = sourcecode.swift; path = Meal.swift; sourceTree = "<group>"; };
		3808A59821382C2300E49459 /* RatingControl.swift */ = {isa = PBXFileReference; lastKnownFileType = sourcecode.swift; path = RatingControl.swift; sourceTree = "<group>"; };
		38419A61213599D80063C307 /* Food Tracker.app */ = {isa = PBXFileReference; explicitFileType = wrapper.application; includeInIndex = 0; path = "Food Tracker.app"; sourceTree = BUILT_PRODUCTS_DIR; };
		38419A64213599D80063C307 /* AppDelegate.swift */ = {isa = PBXFileReference; lastKnownFileType = sourcecode.swift; path = AppDelegate.swift; sourceTree = "<group>"; };
		38419A66213599D80063C307 /* ViewController.swift */ = {isa = PBXFileReference; lastKnownFileType = sourcecode.swift; path = ViewController.swift; sourceTree = "<group>"; };
		38419A69213599D80063C307 /* Base */ = {isa = PBXFileReference; lastKnownFileType = file.storyboard; name = Base; path = Base.lproj/Main.storyboard; sourceTree = "<group>"; };
		38419A6B213599D90063C307 /* Assets.xcassets */ = {isa = PBXFileReference; lastKnownFileType = folder.assetcatalog; path = Assets.xcassets; sourceTree = "<group>"; };
		38419A6E213599D90063C307 /* Base */ = {isa = PBXFileReference; lastKnownFileType = file.storyboard; name = Base; path = Base.lproj/LaunchScreen.storyboard; sourceTree = "<group>"; };
		38419A70213599D90063C307 /* Info.plist */ = {isa = PBXFileReference; lastKnownFileType = text.plist.xml; path = Info.plist; sourceTree = "<group>"; };
		38419A75213599D90063C307 /* Food TrackerTests.xctest */ = {isa = PBXFileReference; explicitFileType = wrapper.cfbundle; includeInIndex = 0; path = "Food TrackerTests.xctest"; sourceTree = BUILT_PRODUCTS_DIR; };
		38419A79213599D90063C307 /* Food_TrackerTests.swift */ = {isa = PBXFileReference; lastKnownFileType = sourcecode.swift; path = Food_TrackerTests.swift; sourceTree = "<group>"; };
		38419A7B213599D90063C307 /* Info.plist */ = {isa = PBXFileReference; lastKnownFileType = text.plist.xml; path = Info.plist; sourceTree = "<group>"; };
		38419A80213599D90063C307 /* Food TrackerUITests.xctest */ = {isa = PBXFileReference; explicitFileType = wrapper.cfbundle; includeInIndex = 0; path = "Food TrackerUITests.xctest"; sourceTree = BUILT_PRODUCTS_DIR; };
		38419A84213599D90063C307 /* Food_TrackerUITests.swift */ = {isa = PBXFileReference; lastKnownFileType = sourcecode.swift; path = Food_TrackerUITests.swift; sourceTree = "<group>"; };
		38419A86213599D90063C307 /* Info.plist */ = {isa = PBXFileReference; lastKnownFileType = text.plist.xml; path = Info.plist; sourceTree = "<group>"; };
/* End PBXFileReference section */

/* Begin PBXFrameworksBuildPhase section */
		38419A5E213599D80063C307 /* Frameworks */ = {
			isa = PBXFrameworksBuildPhase;
			buildActionMask = 2147483647;
			files = (
			);
			runOnlyForDeploymentPostprocessing = 0;
		};
		38419A72213599D90063C307 /* Frameworks */ = {
			isa = PBXFrameworksBuildPhase;
			buildActionMask = 2147483647;
			files = (
			);
			runOnlyForDeploymentPostprocessing = 0;
		};
		38419A7D213599D90063C307 /* Frameworks */ = {
			isa = PBXFrameworksBuildPhase;
			buildActionMask = 2147483647;
			files = (
			);
			runOnlyForDeploymentPostprocessing = 0;
		};
/* End PBXFrameworksBuildPhase section */

/* Begin PBXGroup section */
		38419A58213599D80063C307 = {
			isa = PBXGroup;
			children = (
				38419A63213599D80063C307 /* Food Tracker */,
				38419A78213599D90063C307 /* Food TrackerTests */,
				38419A83213599D90063C307 /* Food TrackerUITests */,
				38419A62213599D80063C307 /* Products */,
			);
			sourceTree = "<group>";
		};
		38419A62213599D80063C307 /* Products */ = {
			isa = PBXGroup;
			children = (
				38419A61213599D80063C307 /* Food Tracker.app */,
				38419A75213599D90063C307 /* Food TrackerTests.xctest */,
				38419A80213599D90063C307 /* Food TrackerUITests.xctest */,
			);
			name = Products;
			sourceTree = "<group>";
		};
		38419A63213599D80063C307 /* Food Tracker */ = {
			isa = PBXGroup;
			children = (
				38419A64213599D80063C307 /* AppDelegate.swift */,
				38419A66213599D80063C307 /* ViewController.swift */,
				3808A59821382C2300E49459 /* RatingControl.swift */,
				38075F6D213EE80900237CDD /* Meal.swift */,
				38419A68213599D80063C307 /* Main.storyboard */,
				38419A6B213599D90063C307 /* Assets.xcassets */,
				38419A6D213599D90063C307 /* LaunchScreen.storyboard */,
				38419A70213599D90063C307 /* Info.plist */,
			);
			path = "Food Tracker";
			sourceTree = "<group>";
		};
		38419A78213599D90063C307 /* Food TrackerTests */ = {
			isa = PBXGroup;
			children = (
				38419A79213599D90063C307 /* Food_TrackerTests.swift */,
				38419A7B213599D90063C307 /* Info.plist */,
			);
			path = "Food TrackerTests";
			sourceTree = "<group>";
		};
		38419A83213599D90063C307 /* Food TrackerUITests */ = {
			isa = PBXGroup;
			children = (
				38419A84213599D90063C307 /* Food_TrackerUITests.swift */,
				38419A86213599D90063C307 /* Info.plist */,
			);
			path = "Food TrackerUITests";
			sourceTree = "<group>";
		};
/* End PBXGroup section */

/* Begin PBXNativeTarget section */
		38419A60213599D80063C307 /* Food Tracker */ = {
			isa = PBXNativeTarget;
			buildConfigurationList = 38419A89213599D90063C307 /* Build configuration list for PBXNativeTarget "Food Tracker" */;
			buildPhases = (
				38419A5D213599D80063C307 /* Sources */,
				38419A5E213599D80063C307 /* Frameworks */,
				38419A5F213599D80063C307 /* Resources */,
			);
			buildRules = (
			);
			dependencies = (
			);
			name = "Food Tracker";
			productName = "Food Tracker";
			productReference = 38419A61213599D80063C307 /* Food Tracker.app */;
			productType = "com.apple.product-type.application";
		};
		38419A74213599D90063C307 /* Food TrackerTests */ = {
			isa = PBXNativeTarget;
			buildConfigurationList = 38419A8C213599D90063C307 /* Build configuration list for PBXNativeTarget "Food TrackerTests" */;
			buildPhases = (
				38419A71213599D90063C307 /* Sources */,
				38419A72213599D90063C307 /* Frameworks */,
				38419A73213599D90063C307 /* Resources */,
			);
			buildRules = (
			);
			dependencies = (
				38419A77213599D90063C307 /* PBXTargetDependency */,
			);
			name = "Food TrackerTests";
			productName = "Food TrackerTests";
			productReference = 38419A75213599D90063C307 /* Food TrackerTests.xctest */;
			productType = "com.apple.product-type.bundle.unit-test";
		};
		38419A7F213599D90063C307 /* Food TrackerUITests */ = {
			isa = PBXNativeTarget;
			buildConfigurationList = 38419A8F213599D90063C307 /* Build configuration list for PBXNativeTarget "Food TrackerUITests" */;
			buildPhases = (
				38419A7C213599D90063C307 /* Sources */,
				38419A7D213599D90063C307 /* Frameworks */,
				38419A7E213599D90063C307 /* Resources */,
			);
			buildRules = (
			);
			dependencies = (
				38419A82213599D90063C307 /* PBXTargetDependency */,
			);
			name = "Food TrackerUITests";
			productName = "Food TrackerUITests";
			productReference = 38419A80213599D90063C307 /* Food TrackerUITests.xctest */;
			productType = "com.apple.product-type.bundle.ui-testing";
		};
/* End PBXNativeTarget section */

/* Begin PBXProject section */
		38419A59213599D80063C307 /* Project object */ = {
			isa = PBXProject;
			attributes = {
				LastSwiftUpdateCheck = 0940;
				LastUpgradeCheck = 0940;
				ORGANIZATIONNAME = "Justin Herzog";
				TargetAttributes = {
					38419A60213599D80063C307 = {
						CreatedOnToolsVersion = 9.4.1;
					};
					38419A74213599D90063C307 = {
						CreatedOnToolsVersion = 9.4.1;
						TestTargetID = 38419A60213599D80063C307;
					};
					38419A7F213599D90063C307 = {
						CreatedOnToolsVersion = 9.4.1;
						TestTargetID = 38419A60213599D80063C307;
					};
				};
			};
			buildConfigurationList = 38419A5C213599D80063C307 /* Build configuration list for PBXProject "Food Tracker" */;
			compatibilityVersion = "Xcode 9.3";
			developmentRegion = en;
			hasScannedForEncodings = 0;
			knownRegions = (
				en,
				Base,
			);
			mainGroup = 38419A58213599D80063C307;
			productRefGroup = 38419A62213599D80063C307 /* Products */;
			projectDirPath = "";
			projectRoot = "";
			targets = (
				38419A60213599D80063C307 /* Food Tracker */,
				38419A74213599D90063C307 /* Food TrackerTests */,
				38419A7F213599D90063C307 /* Food TrackerUITests */,
			);
		};
/* End PBXProject section */

/* Begin PBXResourcesBuildPhase section */
		38419A5F213599D80063C307 /* Resources */ = {
			isa = PBXResourcesBuildPhase;
			buildActionMask = 2147483647;
			files = (
				38419A6F213599D90063C307 /* LaunchScreen.storyboard in Resources */,
				38419A6C213599D90063C307 /* Assets.xcassets in Resources */,
				38419A6A213599D80063C307 /* Main.storyboard in Resources */,
			);
			runOnlyForDeploymentPostprocessing = 0;
		};
		38419A73213599D90063C307 /* Resources */ = {
			isa = PBXResourcesBuildPhase;
			buildActionMask = 2147483647;
			files = (
			);
			runOnlyForDeploymentPostprocessing = 0;
		};
		38419A7E213599D90063C307 /* Resources */ = {
			isa = PBXResourcesBuildPhase;
			buildActionMask = 2147483647;
			files = (
			);
			runOnlyForDeploymentPostprocessing = 0;
		};
/* End PBXResourcesBuildPhase section */

/* Begin PBXSourcesBuildPhase section */
		38419A5D213599D80063C307 /* Sources */ = {
			isa = PBXSourcesBuildPhase;
			buildActionMask = 2147483647;
			files = (
				38075F6E213EE80900237CDD /* Meal.swift in Sources */,
				38419A67213599D80063C307 /* ViewController.swift in Sources */,
				3808A59921382C2300E49459 /* RatingControl.swift in Sources */,
				38419A65213599D80063C307 /* AppDelegate.swift in Sources */,
			);
			runOnlyForDeploymentPostprocessing = 0;
		};
		38419A71213599D90063C307 /* Sources */ = {
			isa = PBXSourcesBuildPhase;
			buildActionMask = 2147483647;
			files = (
				38419A7A213599D90063C307 /* Food_TrackerTests.swift in Sources */,
			);
			runOnlyForDeploymentPostprocessing = 0;
		};
		38419A7C213599D90063C307 /* Sources */ = {
			isa = PBXSourcesBuildPhase;
			buildActionMask = 2147483647;
			files = (
				38419A85213599D90063C307 /* Food_TrackerUITests.swift in Sources */,
			);
			runOnlyForDeploymentPostprocessing = 0;
		};
/* End PBXSourcesBuildPhase section */

/* Begin PBXTargetDependency section */
		38419A77213599D90063C307 /* PBXTargetDependency */ = {
			isa = PBXTargetDependency;
			target = 38419A60213599D80063C307 /* Food Tracker */;
			targetProxy = 38419A76213599D90063C307 /* PBXContainerItemProxy */;
		};
		38419A82213599D90063C307 /* PBXTargetDependency */ = {
			isa = PBXTargetDependency;
			target = 38419A60213599D80063C307 /* Food Tracker */;
			targetProxy = 38419A81213599D90063C307 /* PBXContainerItemProxy */;
		};
/* End PBXTargetDependency section */

/* Begin PBXVariantGroup section */
		38419A68213599D80063C307 /* Main.storyboard */ = {
			isa = PBXVariantGroup;
			children = (
				38419A69213599D80063C307 /* Base */,
			);
			name = Main.storyboard;
			sourceTree = "<group>";
		};
		38419A6D213599D90063C307 /* LaunchScreen.storyboard */ = {
			isa = PBXVariantGroup;
			children = (
				38419A6E213599D90063C307 /* Base */,
			);
			name = LaunchScreen.storyboard;
			sourceTree = "<group>";
		};
/* End PBXVariantGroup section */

/* Begin XCBuildConfiguration section */
		38419A87213599D90063C307 /* Debug */ = {
			isa = XCBuildConfiguration;
			buildSettings = {
				ALWAYS_SEARCH_USER_PATHS = NO;
				CLANG_ANALYZER_NONNULL = YES;
				CLANG_ANALYZER_NUMBER_OBJECT_CONVERSION = YES_AGGRESSIVE;
				CLANG_CXX_LANGUAGE_STANDARD = "gnu++14";
				CLANG_CXX_LIBRARY = "libc++";
				CLANG_ENABLE_MODULES = YES;
				CLANG_ENABLE_OBJC_ARC = YES;
				CLANG_ENABLE_OBJC_WEAK = YES;
				CLANG_WARN_BLOCK_CAPTURE_AUTORELEASING = YES;
				CLANG_WARN_BOOL_CONVERSION = YES;
				CLANG_WARN_COMMA = YES;
				CLANG_WARN_CONSTANT_CONVERSION = YES;
				CLANG_WARN_DEPRECATED_OBJC_IMPLEMENTATIONS = YES;
				CLANG_WARN_DIRECT_OBJC_ISA_USAGE = YES_ERROR;
				CLANG_WARN_DOCUMENTATION_COMMENTS = YES;
				CLANG_WARN_EMPTY_BODY = YES;
				CLANG_WARN_ENUM_CONVERSION = YES;
				CLANG_WARN_INFINITE_RECURSION = YES;
				CLANG_WARN_INT_CONVERSION = YES;
				CLANG_WARN_NON_LITERAL_NULL_CONVERSION = YES;
				CLANG_WARN_OBJC_IMPLICIT_RETAIN_SELF = YES;
				CLANG_WARN_OBJC_LITERAL_CONVERSION = YES;
				CLANG_WARN_OBJC_ROOT_CLASS = YES_ERROR;
				CLANG_WARN_RANGE_LOOP_ANALYSIS = YES;
				CLANG_WARN_STRICT_PROTOTYPES = YES;
				CLANG_WARN_SUSPICIOUS_MOVE = YES;
				CLANG_WARN_UNGUARDED_AVAILABILITY = YES_AGGRESSIVE;
				CLANG_WARN_UNREACHABLE_CODE = YES;
				CLANG_WARN__DUPLICATE_METHOD_MATCH = YES;
				CODE_SIGN_IDENTITY = "iPhone Developer";
				COPY_PHASE_STRIP = NO;
				DEBUG_INFORMATION_FORMAT = dwarf;
				ENABLE_STRICT_OBJC_MSGSEND = YES;
				ENABLE_TESTABILITY = YES;
				GCC_C_LANGUAGE_STANDARD = gnu11;
				GCC_DYNAMIC_NO_PIC = NO;
				GCC_NO_COMMON_BLOCKS = YES;
				GCC_OPTIMIZATION_LEVEL = 0;
				GCC_PREPROCESSOR_DEFINITIONS = (
					"DEBUG=1",
					"$(inherited)",
				);
				GCC_WARN_64_TO_32_BIT_CONVERSION = YES;
				GCC_WARN_ABOUT_RETURN_TYPE = YES_ERROR;
				GCC_WARN_UNDECLARED_SELECTOR = YES;
				GCC_WARN_UNINITIALIZED_AUTOS = YES_AGGRESSIVE;
				GCC_WARN_UNUSED_FUNCTION = YES;
				GCC_WARN_UNUSED_VARIABLE = YES;
				IPHONEOS_DEPLOYMENT_TARGET = 11.4;
				MTL_ENABLE_DEBUG_INFO = YES;
				ONLY_ACTIVE_ARCH = YES;
				SDKROOT = iphoneos;
				SWIFT_ACTIVE_COMPILATION_CONDITIONS = DEBUG;
				SWIFT_OPTIMIZATION_LEVEL = "-Onone";
			};
			name = Debug;
		};
		38419A88213599D90063C307 /* Release */ = {
			isa = XCBuildConfiguration;
			buildSettings = {
				ALWAYS_SEARCH_USER_PATHS = NO;
				CLANG_ANALYZER_NONNULL = YES;
				CLANG_ANALYZER_NUMBER_OBJECT_CONVERSION = YES_AGGRESSIVE;
				CLANG_CXX_LANGUAGE_STANDARD = "gnu++14";
				CLANG_CXX_LIBRARY = "libc++";
				CLANG_ENABLE_MODULES = YES;
				CLANG_ENABLE_OBJC_ARC = YES;
				CLANG_ENABLE_OBJC_WEAK = YES;
				CLANG_WARN_BLOCK_CAPTURE_AUTORELEASING = YES;
				CLANG_WARN_BOOL_CONVERSION = YES;
				CLANG_WARN_COMMA = YES;
				CLANG_WARN_CONSTANT_CONVERSION = YES;
				CLANG_WARN_DEPRECATED_OBJC_IMPLEMENTATIONS = YES;
				CLANG_WARN_DIRECT_OBJC_ISA_USAGE = YES_ERROR;
				CLANG_WARN_DOCUMENTATION_COMMENTS = YES;
				CLANG_WARN_EMPTY_BODY = YES;
				CLANG_WARN_ENUM_CONVERSION = YES;
				CLANG_WARN_INFINITE_RECURSION = YES;
				CLANG_WARN_INT_CONVERSION = YES;
				CLANG_WARN_NON_LITERAL_NULL_CONVERSION = YES;
				CLANG_WARN_OBJC_IMPLICIT_RETAIN_SELF = YES;
				CLANG_WARN_OBJC_LITERAL_CONVERSION = YES;
				CLANG_WARN_OBJC_ROOT_CLASS = YES_ERROR;
				CLANG_WARN_RANGE_LOOP_ANALYSIS = YES;
				CLANG_WARN_STRICT_PROTOTYPES = YES;
				CLANG_WARN_SUSPICIOUS_MOVE = YES;
				CLANG_WARN_UNGUARDED_AVAILABILITY = YES_AGGRESSIVE;
				CLANG_WARN_UNREACHABLE_CODE = YES;
				CLANG_WARN__DUPLICATE_METHOD_MATCH = YES;
				CODE_SIGN_IDENTITY = "iPhone Developer";
				COPY_PHASE_STRIP = NO;
				DEBUG_INFORMATION_FORMAT = "dwarf-with-dsym";
				ENABLE_NS_ASSERTIONS = NO;
				ENABLE_STRICT_OBJC_MSGSEND = YES;
				GCC_C_LANGUAGE_STANDARD = gnu11;
				GCC_NO_COMMON_BLOCKS = YES;
				GCC_WARN_64_TO_32_BIT_CONVERSION = YES;
				GCC_WARN_ABOUT_RETURN_TYPE = YES_ERROR;
				GCC_WARN_UNDECLARED_SELECTOR = YES;
				GCC_WARN_UNINITIALIZED_AUTOS = YES_AGGRESSIVE;
				GCC_WARN_UNUSED_FUNCTION = YES;
				GCC_WARN_UNUSED_VARIABLE = YES;
				IPHONEOS_DEPLOYMENT_TARGET = 11.4;
				MTL_ENABLE_DEBUG_INFO = NO;
				SDKROOT = iphoneos;
				SWIFT_COMPILATION_MODE = wholemodule;
				SWIFT_OPTIMIZATION_LEVEL = "-O";
				VALIDATE_PRODUCT = YES;
			};
			name = Release;
		};
		38419A8A213599D90063C307 /* Debug */ = {
			isa = XCBuildConfiguration;
			buildSettings = {
				ASSETCATALOG_COMPILER_APPICON_NAME = AppIcon;
				CODE_SIGN_STYLE = Automatic;
				DEVELOPMENT_TEAM = 56XJY2WYJZ;
				INFOPLIST_FILE = "Food Tracker/Info.plist";
				LD_RUNPATH_SEARCH_PATHS = (
					"$(inherited)",
					"@executable_path/Frameworks",
				);
				PRODUCT_BUNDLE_IDENTIFIER = "Zawg-s-App.Food-Tracker";
				PRODUCT_NAME = "$(TARGET_NAME)";
				SWIFT_VERSION = 4.0;
				TARGETED_DEVICE_FAMILY = "1,2";
			};
			name = Debug;
		};
		38419A8B213599D90063C307 /* Release */ = {
			isa = XCBuildConfiguration;
			buildSettings = {
				ASSETCATALOG_COMPILER_APPICON_NAME = AppIcon;
				CODE_SIGN_STYLE = Automatic;
				DEVELOPMENT_TEAM = 56XJY2WYJZ;
				INFOPLIST_FILE = "Food Tracker/Info.plist";
				LD_RUNPATH_SEARCH_PATHS = (
					"$(inherited)",
					"@executable_path/Frameworks",
				);
				PRODUCT_BUNDLE_IDENTIFIER = "Zawg-s-App.Food-Tracker";
				PRODUCT_NAME = "$(TARGET_NAME)";
				SWIFT_VERSION = 4.0;
				TARGETED_DEVICE_FAMILY = "1,2";
			};
			name = Release;
		};
		38419A8D213599D90063C307 /* Debug */ = {
			isa = XCBuildConfiguration;
			buildSettings = {
				ALWAYS_EMBED_SWIFT_STANDARD_LIBRARIES = YES;
				BUNDLE_LOADER = "$(TEST_HOST)";
				CODE_SIGN_STYLE = Automatic;
				DEVELOPMENT_TEAM = 56XJY2WYJZ;
				INFOPLIST_FILE = "Food TrackerTests/Info.plist";
				LD_RUNPATH_SEARCH_PATHS = (
					"$(inherited)",
					"@executable_path/Frameworks",
					"@loader_path/Frameworks",
				);
				PRODUCT_BUNDLE_IDENTIFIER = "Zawg-s-App.Food-TrackerTests";
				PRODUCT_NAME = "$(TARGET_NAME)";
				SWIFT_VERSION = 4.0;
				TARGETED_DEVICE_FAMILY = "1,2";
				TEST_HOST = "$(BUILT_PRODUCTS_DIR)/Food Tracker.app/Food Tracker";
			};
			name = Debug;
		};
		38419A8E213599D90063C307 /* Release */ = {
			isa = XCBuildConfiguration;
			buildSettings = {
				ALWAYS_EMBED_SWIFT_STANDARD_LIBRARIES = YES;
				BUNDLE_LOADER = "$(TEST_HOST)";
				CODE_SIGN_STYLE = Automatic;
				DEVELOPMENT_TEAM = 56XJY2WYJZ;
				INFOPLIST_FILE = "Food TrackerTests/Info.plist";
				LD_RUNPATH_SEARCH_PATHS = (
					"$(inherited)",
					"@executable_path/Frameworks",
					"@loader_path/Frameworks",
				);
				PRODUCT_BUNDLE_IDENTIFIER = "Zawg-s-App.Food-TrackerTests";
				PRODUCT_NAME = "$(TARGET_NAME)";
				SWIFT_VERSION = 4.0;
				TARGETED_DEVICE_FAMILY = "1,2";
				TEST_HOST = "$(BUILT_PRODUCTS_DIR)/Food Tracker.app/Food Tracker";
			};
			name = Release;
		};
		38419A90213599D90063C307 /* Debug */ = {
			isa = XCBuildConfiguration;
			buildSettings = {
				ALWAYS_EMBED_SWIFT_STANDARD_LIBRARIES = YES;
				CODE_SIGN_STYLE = Automatic;
				DEVELOPMENT_TEAM = 56XJY2WYJZ;
				INFOPLIST_FILE = "Food TrackerUITests/Info.plist";
				LD_RUNPATH_SEARCH_PATHS = (
					"$(inherited)",
					"@executable_path/Frameworks",
					"@loader_path/Frameworks",
				);
				PRODUCT_BUNDLE_IDENTIFIER = "Zawg-s-App.Food-TrackerUITests";
				PRODUCT_NAME = "$(TARGET_NAME)";
				SWIFT_VERSION = 4.0;
				TARGETED_DEVICE_FAMILY = "1,2";
				TEST_TARGET_NAME = "Food Tracker";
			};
			name = Debug;
		};
		38419A91213599D90063C307 /* Release */ = {
			isa = XCBuildConfiguration;
			buildSettings = {
				ALWAYS_EMBED_SWIFT_STANDARD_LIBRARIES = YES;
				CODE_SIGN_STYLE = Automatic;
				DEVELOPMENT_TEAM = 56XJY2WYJZ;
				INFOPLIST_FILE = "Food TrackerUITests/Info.plist";
				LD_RUNPATH_SEARCH_PATHS = (
					"$(inherited)",
					"@executable_path/Frameworks",
					"@loader_path/Frameworks",
				);
				PRODUCT_BUNDLE_IDENTIFIER = "Zawg-s-App.Food-TrackerUITests";
				PRODUCT_NAME = "$(TARGET_NAME)";
				SWIFT_VERSION = 4.0;
				TARGETED_DEVICE_FAMILY = "1,2";
				TEST_TARGET_NAME = "Food Tracker";
			};
			name = Release;
		};
/* End XCBuildConfiguration section */

/* Begin XCConfigurationList section */
		38419A5C213599D80063C307 /* Build configuration list for PBXProject "Food Tracker" */ = {
			isa = XCConfigurationList;
			buildConfigurations = (
				38419A87213599D90063C307 /* Debug */,
				38419A88213599D90063C307 /* Release */,
			);
			defaultConfigurationIsVisible = 0;
			defaultConfigurationName = Release;
		};
		38419A89213599D90063C307 /* Build configuration list for PBXNativeTarget "Food Tracker" */ = {
			isa = XCConfigurationList;
			buildConfigurations = (
				38419A8A213599D90063C307 /* Debug */,
				38419A8B213599D90063C307 /* Release */,
			);
			defaultConfigurationIsVisible = 0;
			defaultConfigurationName = Release;
		};
		38419A8C213599D90063C307 /* Build configuration list for PBXNativeTarget "Food TrackerTests" */ = {
			isa = XCConfigurationList;
			buildConfigurations = (
				38419A8D213599D90063C307 /* Debug */,
				38419A8E213599D90063C307 /* Release */,
			);
			defaultConfigurationIsVisible = 0;
			defaultConfigurationName = Release;
		};
		38419A8F213599D90063C307 /* Build configuration list for PBXNativeTarget "Food TrackerUITests" */ = {
			isa = XCConfigurationList;
			buildConfigurations = (
				38419A90213599D90063C307 /* Debug */,
				38419A91213599D90063C307 /* Release */,
			);
			defaultConfigurationIsVisible = 0;
			defaultConfigurationName = Release;
		};
/* End XCConfigurationList section */
	};
	rootObject = 38419A59213599D80063C307 /* Project object */;
}
